{
  "nodes": {
    "flake-compat": {
      "flake": false,
      "locked": {
        "lastModified": 1673956053,
        "narHash": "sha256-4gtG9iQuiKITOjNQQeQIpoIB6b16fm+504Ch3sNKLd8=",
        "owner": "edolstra",
        "repo": "flake-compat",
        "rev": "35bb57c0c8d8b62bbfd284272c928ceb64ddbde9",
        "type": "github"
      },
      "original": {
        "owner": "edolstra",
        "repo": "flake-compat",
        "type": "github"
      }
    },
    "flake-utils": {
      "inputs": {
        "systems": [
          "systems"
        ]
      },
      "locked": {
        "lastModified": 1694529238,
        "narHash": "sha256-zsNZZGTGnMOf9YpHKJqMSsa0dXbfmxeoJ7xHlrt+xmY=",
        "owner": "numtide",
        "repo": "flake-utils",
        "rev": "ff7b65b44d01cf9ba6a71320833626af21126384",
        "type": "github"
      },
      "original": {
        "owner": "numtide",
        "repo": "flake-utils",
        "type": "github"
      }
    },
    "gitignore": {
      "inputs": {
        "nixpkgs": [
          "pre-commit-hooks",
          "nixpkgs"
        ]
      },
      "locked": {
        "lastModified": 1660459072,
        "narHash": "sha256-8DFJjXG8zqoONA1vXtgeKXy68KdJL5UaXR8NtVMUbx8=",
        "owner": "hercules-ci",
        "repo": "gitignore.nix",
        "rev": "a20de23b925fd8264fd7fad6454652e142fd7f73",
        "type": "github"
      },
      "original": {
        "owner": "hercules-ci",
        "repo": "gitignore.nix",
        "type": "github"
      }
    },
    "nix-github-actions": {
      "inputs": {
        "nixpkgs": [
          "nixpkgs"
        ]
      },
      "locked": {
        "lastModified": 1693660503,
        "narHash": "sha256-B/g2V4v6gjirFmy+I5mwB2bCYc0l3j5scVfwgl6WOl8=",
        "owner": "nix-community",
        "repo": "nix-github-actions",
        "rev": "bd5bdbb52350e145c526108f4ef192eb8e554fa0",
        "type": "github"
      },
      "original": {
        "owner": "nix-community",
        "repo": "nix-github-actions",
        "type": "github"
      }
    },
    "nix-github-actions_2": {
      "inputs": {
        "nixpkgs": [
          "poetry2nix",
          "nixpkgs"
        ]
      },
      "locked": {
        "lastModified": 1693660503,
        "narHash": "sha256-B/g2V4v6gjirFmy+I5mwB2bCYc0l3j5scVfwgl6WOl8=",
        "owner": "nix-community",
        "repo": "nix-github-actions",
        "rev": "bd5bdbb52350e145c526108f4ef192eb8e554fa0",
        "type": "github"
      },
      "original": {
        "owner": "nix-community",
        "repo": "nix-github-actions",
        "type": "github"
      }
    },
    "nixpkgs": {
      "locked": {
        "lastModified": 1697142613,
        "narHash": "sha256-jplEwV6BqkvsqkhlWwHp/yrqTm0pKJ4l5VfEniTL6gs=",
        "owner": "NixOS",
        "repo": "nixpkgs",
        "rev": "4183880e0e56f5a8dc55ef63df0cb64a7d5ea21f",
        "type": "github"
      },
      "original": {
        "owner": "NixOS",
        "ref": "nixos-unstable-small",
        "repo": "nixpkgs",
        "type": "github"
      }
    },
    "nixpkgs-stable": {
      "locked": {
        "lastModified": 1685801374,
        "narHash": "sha256-otaSUoFEMM+LjBI1XL/xGB5ao6IwnZOXc47qhIgJe8U=",
        "owner": "NixOS",
        "repo": "nixpkgs",
        "rev": "c37ca420157f4abc31e26f436c1145f8951ff373",
        "type": "github"
      },
      "original": {
        "owner": "NixOS",
        "ref": "nixos-23.05",
        "repo": "nixpkgs",
        "type": "github"
      }
    },
    "poetry2nix": {
      "inputs": {
        "flake-utils": [
          "flake-utils"
        ],
        "nix-github-actions": "nix-github-actions_2",
        "nixpkgs": [
          "nixpkgs"
        ]
      },
      "locked": {
        "lastModified": 1696349210,
        "narHash": "sha256-nXjXyiJccEUKnHL4AlmtHA4GkHzvpMQQQ36OHwVMmt0=",
        "owner": "sciyoshi",
        "repo": "poetry2nix",
        "rev": "129c7f3c1e01fc925f22a5e5f74c8cc99d774fe4",
        "type": "github"
      },
      "original": {
        "owner": "sciyoshi",
        "ref": "new-bootstrap-fixes",
        "repo": "poetry2nix",
        "type": "github"
      }
    },
    "pre-commit-hooks": {
      "inputs": {
        "flake-compat": "flake-compat",
        "flake-utils": [
          "flake-utils"
        ],
        "gitignore": "gitignore",
        "nixpkgs": [
          "nixpkgs"
        ],
        "nixpkgs-stable": "nixpkgs-stable"
      },
      "locked": {
        "lastModified": 1696846637,
        "narHash": "sha256-0hv4kbXxci2+pxhuXlVgftj/Jq79VSmtAyvfabCCtYk=",
        "owner": "cachix",
        "repo": "pre-commit-hooks.nix",
        "rev": "42e1b6095ef80a51f79595d9951eb38e91c4e6ca",
        "type": "github"
      },
      "original": {
        "owner": "cachix",
        "repo": "pre-commit-hooks.nix",
        "type": "github"
      }
    },
    "root": {
      "inputs": {
        "flake-utils": "flake-utils",
        "nix-github-actions": "nix-github-actions",
        "nixpkgs": "nixpkgs",
        "poetry2nix": "poetry2nix",
        "pre-commit-hooks": "pre-commit-hooks",
        "systems": "systems",
        "treefmt-nix": "treefmt-nix"
      }
    },
    "systems": {
      "locked": {
        "lastModified": 1680978846,
        "narHash": "sha256-Gtqg8b/v49BFDpDetjclCYXm8mAnTrUzR0JnE2nv5aw=",
        "owner": "nix-systems",
        "repo": "x86_64-linux",
        "rev": "2ecfcac5e15790ba6ce360ceccddb15ad16d08a8",
        "type": "github"
      },
      "original": {
        "owner": "nix-systems",
        "repo": "x86_64-linux",
        "type": "github"
      }
    },
    "treefmt-nix": {
      "inputs": {
        "nixpkgs": [
          "nixpkgs"
        ]
      },
      "locked": {
        "lastModified": 1697018566,
        "narHash": "sha256-tOhoeq621JQOULO9X2U+Io03PK/TQrYFYB4sJFaDCuQ=",
        "owner": "numtide",
        "repo": "treefmt-nix",
        "rev": "0b2ffeb3ae1a7449a48a952f3e731cfa41eaf780",
        "type": "github"
      },
      "original": {
        "owner": "numtide",
        "repo": "treefmt-nix",
        "type": "github"
      }
    }
  },
  "root": "root",
  "version": 7
}
